{
  "name": "@zakkster/lite-project",
  "version": "1.4.1",
  "lockfileVersion": 3,
  "requires": true,
  "packages": {
    "": {
      "name": "@zakkster/lite-project",
      "version": "1.4.1",
      "license": "MIT",
      "devDependencies": {
        "@zakkster/lite-crdt": "^2.0.0",
        "@zakkster/lite-gc-profiler": "^1.16.0",
        "@zakkster/lite-leak": "^1.10.0",
        "@zakkster/lite-signal": "^1.5.0",
        "@zakkster/lite-store": "^1.2.1"
      },
      "engines": {
        "node": ">=18"
      },
      "funding": {
        "type": "github",
        "url": "https://github.com/sponsors/PeshoVurtoleta"
      },
      "peerDependencies": {
        "@zakkster/lite-signal": "^1.5.0"
      }
    },
    "node_modules/@zakkster/lite-cleanup": {
      "version": "1.1.0",
      "resolved": "https://registry.npmjs.org/@zakkster/lite-cleanup/-/lite-cleanup-1.1.0.tgz",
      "integrity": "sha512-V92TwaQ+ZexGRHeKu8qgmqTSAcNet1WlPg8qjWg7BeOSUPn6cg0Nb1SPFXkAMbQ27lPyYnNm0DraqvhVUGxjDg==",
      "dev": true,
      "license": "MIT",
      "engines": {
        "node": ">=20.0.0"
      },
      "funding": {
        "type": "github",
        "url": "https://github.com/sponsors/PeshoVurtoleta"
      }
    },
    "node_modules/@zakkster/lite-crdt": {
      "version": "2.0.0",
      "resolved": "https://registry.npmjs.org/@zakkster/lite-crdt/-/lite-crdt-2.0.0.tgz",
      "integrity": "sha512-F/xgiyXDIsHJy6cyd+vLRiwBZ9iG/TM46PsGawNm/PgFndDCe8FXeb8w2jT8mUka0mjGThsKAdZDns/3bTq/Tw==",
      "dev": true,
      "license": "MIT",
      "dependencies": {
        "@zakkster/lite-signal": "^1.5.0",
        "@zakkster/lite-store": "^1.2.0"
      },
      "engines": {
        "node": ">=18"
      },
      "funding": {
        "type": "github",
        "url": "https://github.com/sponsors/PeshoVurtoleta"
      }
    },
    "node_modules/@zakkster/lite-gc-profiler": {
      "version": "1.16.0",
      "resolved": "https://registry.npmjs.org/@zakkster/lite-gc-profiler/-/lite-gc-profiler-1.16.0.tgz",
      "integrity": "sha512-TMObsfiVj9dMqUKROSCPIA7RbjvHgXH9Nvh6HpRBTqbrrWUedSfq2L41iD7o5NGg4OdHq7yP+xmbd3SoKJ97tg==",
      "dev": true,
      "license": "MIT",
      "bin": {
        "lite-gc-gate": "bin/LiteGcGate.mjs"
      },
      "engines": {
        "node": ">=18"
      },
      "funding": {
        "type": "github",
        "url": "https://github.com/sponsors/PeshoVurtoleta"
      }
    },
    "node_modules/@zakkster/lite-leak": {
      "version": "1.10.0",
      "resolved": "https://registry.npmjs.org/@zakkster/lite-leak/-/lite-leak-1.10.0.tgz",
      "integrity": "sha512-zzw5cmGuoPVhYwaULdkeDyQB1/G+N0fyLaBoBfve8tvD4LAW+919R1Q9qYpJ1+yS1ExopVDZq3t7BIk1ER+C4g==",
      "dev": true,
      "license": "MIT",
      "dependencies": {
        "@zakkster/lite-cleanup": "^1.0.0"
      },
      "engines": {
        "node": ">=20.0.0"
      },
      "funding": {
        "type": "github",
        "url": "https://github.com/sponsors/PeshoVurtoleta"
      },
      "peerDependencies": {
        "@zakkster/lite-signal": ">=1.5.0-beta.3 <2.0.0"
      }
    },
    "node_modules/@zakkster/lite-signal": {
      "version": "1.5.0",
      "resolved": "https://registry.npmjs.org/@zakkster/lite-signal/-/lite-signal-1.5.0.tgz",
      "integrity": "sha512-0EJgGu1gcp6OuDBm8CRrbBOn9NFcdIYDH3z/hgCzx0C5JkHX8arN/adZ8DO32FWIGaco55uSb51JsZTPD6kiQQ==",
      "dev": true,
      "license": "MIT",
      "engines": {
        "node": ">=18"
      },
      "funding": {
        "type": "github",
        "url": "https://github.com/sponsors/PeshoVurtoleta"
      }
    },
    "node_modules/@zakkster/lite-store": {
      "version": "1.2.1",
      "resolved": "https://registry.npmjs.org/@zakkster/lite-store/-/lite-store-1.2.1.tgz",
      "integrity": "sha512-oqP6kIytdsUY9TpNolyHSOwO0BIBeRO3lIyLSdfr2Ewdxgcl/FA/aeLlfax508n9RxT7ZfjZebjCwyec+xQFow==",
      "dev": true,
      "license": "MIT",
      "engines": {
        "node": ">=18"
      },
      "peerDependencies": {
        "@zakkster/lite-signal": "^1.1.3"
      }
    }
  }
}
