{
  "name": "@zakkster/lite-project",
  "version": "1.1.1",
  "lockfileVersion": 3,
  "requires": true,
  "packages": {
    "": {
      "name": "@zakkster/lite-project",
      "version": "1.1.1",
      "license": "MIT",
      "engines": {
        "node": ">=18"
      },
      "funding": {
        "type": "github",
        "url": "https://github.com/sponsors/PeshoVurtoleta"
      },
      "peerDependencies": {
        "@zakkster/lite-signal": "^1.6.0-preview.2"
      }
    },
    "node_modules/@zakkster/lite-signal": {
      "version": "1.6.0-preview.2",
      "resolved": "https://registry.npmjs.org/@zakkster/lite-signal/-/lite-signal-1.6.0-preview.2.tgz",
      "integrity": "sha512-X614EDnzaunRpH2rWIMUqntkLvnn8FYFw4hRRQRJSN1Qkv0/xSuah5M08HOS6DavOhnTBsYVqdeSQZAEoRSNfw==",
      "license": "MIT",
      "peer": true,
      "engines": {
        "node": ">=18"
      },
      "funding": {
        "type": "github",
        "url": "https://github.com/sponsors/PeshoVurtoleta"
      }
    }
  }
}
